
Microsoft Visual Studio Solution File, Format Version 12.00
# Visual Studio Version 16
VisualStudioVersion = 16.0.31911.196
MinimumVisualStudioVersion = 10.0.40219.1
Project("{FAE04EC0-301F-11D3-BF4B-00C04F79EFBC}") = "NewCalculator", "NewCalculator\NewCalculator.csproj", "{6614DB1C-F052-4AF7-85B3-9AAE76951489}"
EndProject
Global
	GlobalSection(SolutionConfigurationPlatforms) = preSolution
		Debug|Any CPU = Debug|Any CPU
		Release|Any CPU = Release|Any CPU
	EndGlobalSection
	GlobalSection(ProjectConfigurationPlatforms) = postSolution
		{6614DB1C-F052-4AF7-85B3-9AAE76951489}.Debug|Any CPU.ActiveCfg = Debug|Any CPU
		{6614DB1C-F052-4AF7-85B3-9AAE76951489}.Debug|Any CPU.Build.0 = Debug|Any CPU
		{6614DB1C-F052-4AF7-85B3-9AAE76951489}.Release|Any CPU.ActiveCfg = Release|Any CPU
		{6614DB1C-F052-4AF7-85B3-9AAE76951489}.Release|Any CPU.Build.0 = Release|Any CPU
	EndGlobalSection
	GlobalSection(SolutionProperties) = preSolution
		HideSolutionNode = FALSE
	EndGlobalSection
	GlobalSection(ExtensibilityGlobals) = postSolution
		SolutionGuid = {B08D6BD6-24B9-46B5-8E9F-5D10F671DEE2}
	EndGlobalSection
EndGlobal
