
Microsoft Visual Studio Solution File, Format Version 12.00
# Visual Studio Version 16
VisualStudioVersion = 16.0.31911.196
MinimumVisualStudioVersion = 10.0.40219.1
Project("{FAE04EC0-301F-11D3-BF4B-00C04F79EFBC}") = "dice_game", "dice_game\dice_game.csproj", "{97B9ED08-EB22-4586-A7A1-8C25F7A9A68B}"
EndProject
Global
	GlobalSection(SolutionConfigurationPlatforms) = preSolution
		Debug|Any CPU = Debug|Any CPU
		Release|Any CPU = Release|Any CPU
	EndGlobalSection
	GlobalSection(ProjectConfigurationPlatforms) = postSolution
		{97B9ED08-EB22-4586-A7A1-8C25F7A9A68B}.Debug|Any CPU.ActiveCfg = Debug|Any CPU
		{97B9ED08-EB22-4586-A7A1-8C25F7A9A68B}.Debug|Any CPU.Build.0 = Debug|Any CPU
		{97B9ED08-EB22-4586-A7A1-8C25F7A9A68B}.Release|Any CPU.ActiveCfg = Release|Any CPU
		{97B9ED08-EB22-4586-A7A1-8C25F7A9A68B}.Release|Any CPU.Build.0 = Release|Any CPU
	EndGlobalSection
	GlobalSection(SolutionProperties) = preSolution
		HideSolutionNode = FALSE
	EndGlobalSection
	GlobalSection(ExtensibilityGlobals) = postSolution
		SolutionGuid = {BA471209-33DD-4B5F-9B1E-DFEE9ED1E046}
	EndGlobalSection
EndGlobal
